# THIS IS AN AUTOGENERATED FILE. DO NOT EDIT THIS FILE DIRECTLY.
# yarn lockfile v1


"@types/color-name@^1.1.1":
  version "1.1.1"
  resolved "https://registry.yarnpkg.com/@types/color-name/-/color-name-1.1.1.tgz#1c1261bbeaa10a8055bbc5d8ab84b7b2afc846a0"
  integrity sha512-rr+OQyAjxze7GgWrSaJwydHStIhHq2lvY3BOC2Mj7KnzI7XK0Uw1TOOdI9lDoajEbSWLiYgoo4f1R51erQfhPQ==

"@types/jquery@^3.3.31":
  version "3.3.31"
  resolved "https://registry.yarnpkg.com/@types/jquery/-/jquery-3.3.31.tgz#27c706e4bf488474e1cb54a71d8303f37c93451b"
  integrity sha512-Lz4BAJihoFw5nRzKvg4nawXPzutkv7wmfQ5121avptaSIXlDNJCUuxZxX/G+9EVidZGuO0UBlk+YjKbwRKJigg==
  dependencies:
    "@types/sizzle" "*"

"@types/sizzle@*":
  version "2.3.2"
  resolved "https://registry.yarnpkg.com/@types/sizzle/-/sizzle-2.3.2.tgz#a811b8c18e2babab7d542b3365887ae2e4d9de47"
  integrity sha512-7EJYyKTL7tFR8+gDbB6Wwz/arpGa0Mywk1TJbNzKzHtzbwVmY4HR9WqS5VV7dsBUKQmPNr192jHr/VpBluj/hg==

"@wdio/logger@5.16.10":
  version "5.16.10"
  resolved "https://registry.yarnpkg.com/@wdio/logger/-/logger-5.16.10.tgz#45d0ea485d52c8a7c526954ccc980d54c3e29e56"
  integrity sha512-hRKhxgd9uB48Dtj2xe2ckxU4KwI/RO8IwguySuaI2SLFj6EDbdonwzpVkq111/fjBuq7R1NauAaNcm3AMEbIFA==
  dependencies:
    chalk "^3.0.0"
    loglevel "^1.6.0"
    loglevel-plugin-prefix "^0.8.4"
    strip-ansi "^6.0.0"

"@wdio/sync@^5.16.15":
  version "5.16.15"
  resolved "https://registry.yarnpkg.com/@wdio/sync/-/sync-5.16.15.tgz#ae93fa8974aaa080ceed0eb2906759209d0c5265"
  integrity sha512-iS0KnLYwu5ptitWG12whotdOY1+g7E+W224t2yl2g2GhBDrCuz1GtDwTWLw/12d9SgXAPDkrT6bDJzr+JTrKWg==
  dependencies:
    "@wdio/logger" "5.16.10"
  optionalDependencies:
    fibers "^4.0.1"
    fibers_node_v8 "^3.1.2"

ansi-regex@^5.0.0:
  version "5.0.0"
  resolved "https://registry.yarnpkg.com/ansi-regex/-/ansi-regex-5.0.0.tgz#388539f55179bf39339c81af30a654d69f87cb75"
  integrity sha512-bY6fj56OUQ0hU1KjFNDQuJFezqKdrAyFdIevADiqrWHwSlbmBNMHp5ak2f40Pm8JTFyM2mqxkG6ngkHO11f/lg==

ansi-styles@^4.1.0:
  version "4.2.0"
  resolved "https://registry.yarnpkg.com/ansi-styles/-/ansi-styles-4.2.0.tgz#5681f0dcf7ae5880a7841d8831c4724ed9cc0172"
  integrity sha512-7kFQgnEaMdRtwf6uSfUnVr9gSGC7faurn+J/Mv90/W+iTtN0405/nLdopfMWwchyxhbGYl6TC4Sccn9TUkGAgg==
  dependencies:
    "@types/color-name" "^1.1.1"
    color-convert "^2.0.1"

chalk@^3.0.0:
  version "3.0.0"
  resolved "https://registry.yarnpkg.com/chalk/-/chalk-3.0.0.tgz#3f73c2bf526591f574cc492c51e2456349f844e4"
  integrity sha512-4D3B6Wf41KOYRFdszmDqMCGq5VV/uMAB273JILmO+3jAlh8X4qDtdtgCR3fxtbLEMzSx22QdhnDcJvu2u1fVwg==
  dependencies:
    ansi-styles "^4.1.0"
    supports-color "^7.1.0"

color-convert@^2.0.1:
  version "2.0.1"
  resolved "https://registry.yarnpkg.com/color-convert/-/color-convert-2.0.1.tgz#72d3a68d598c9bdb3af2ad1e84f21d896abd4de3"
  integrity sha512-RRECPsj7iu/xb5oKYcsFHSppFNnsj/52OVTRKb4zP5onXwVF3zVmmToNcOfGC+CRDpfK/U584fMg38ZHCaElKQ==
  dependencies:
    color-name "~1.1.4"

color-name@~1.1.4:
  version "1.1.4"
  resolved "https://registry.yarnpkg.com/color-name/-/color-name-1.1.4.tgz#c2a09a87acbde69543de6f63fa3995c826c536a2"
  integrity sha512-dOy+3AuW3a2wNbZHIuMZpTcgjGuLU/uBL/ubcZF9OXbDo8ff4O8yVp5Bf0efS8uEoYo5q4Fx7dY9OgQGXgAsQA==

detect-libc@^1.0.3:
  version "1.0.3"
  resolved "https://registry.yarnpkg.com/detect-libc/-/detect-libc-1.0.3.tgz#fa137c4bd698edf55cd5cd02ac559f91a4c4ba9b"
  integrity sha1-+hN8S9aY7fVc1c0CrFWfkaTEups=

fibers@^4.0.1:
  version "4.0.2"
  resolved "https://registry.yarnpkg.com/fibers/-/fibers-4.0.2.tgz#d04f9ccd0aba179588202202faeb4fed65d497f5"
  integrity sha512-FhICi1K4WZh9D6NC18fh2ODF3EWy1z0gzIdV9P7+s2pRjfRBnCkMDJ6x3bV1DkVymKH8HGrQa/FNOBjYvnJ/tQ==
  dependencies:
    detect-libc "^1.0.3"

fibers_node_v8@^3.1.2:
  version "3.1.5"
  resolved "https://registry.yarnpkg.com/fibers_node_v8/-/fibers_node_v8-3.1.5.tgz#354b481239e58a1c70eb4bde96c6e459a1e49554"
  integrity sha512-jcut+gL68TclewWH/9si73yDhFOzu8LhmWg6SZRBw13rk4+7DCtqOMdsBhAyXaWRjI7c1XqcRp4AgebLJnvfCQ==
  dependencies:
    detect-libc "^1.0.3"

has-flag@^4.0.0:
  version "4.0.0"
  resolved "https://registry.yarnpkg.com/has-flag/-/has-flag-4.0.0.tgz#944771fd9c81c81265c4d6941860da06bb59479b"
  integrity sha512-EykJT/Q1KjTWctppgIAgfSO0tKVuZUjhgMr17kqTumMl6Afv3EISleU7qZUzoXDFTAHTDC4NOoG/ZxU3EvlMPQ==

jquery@^3.5.0:
  version "3.5.0"
  resolved "https://registry.yarnpkg.com/jquery/-/jquery-3.5.0.tgz#9980b97d9e4194611c36530e7dc46a58d7340fc9"
  integrity sha512-Xb7SVYMvygPxbFMpTFQiHh1J7HClEaThguL15N/Gg37Lri/qKyhRGZYzHRyLH8Stq3Aow0LsHO2O2ci86fCrNQ==

loglevel-plugin-prefix@^0.8.4:
  version "0.8.4"
  resolved "https://registry.yarnpkg.com/loglevel-plugin-prefix/-/loglevel-plugin-prefix-0.8.4.tgz#2fe0e05f1a820317d98d8c123e634c1bd84ff644"
  integrity sha512-WpG9CcFAOjz/FtNht+QJeGpvVl/cdR6P0z6OcXSkr8wFJOsV2GRj2j10JLfjuA4aYkcKCNIEqRGCyTife9R8/g==

loglevel@^1.6.0:
  version "1.6.6"
  resolved "https://registry.yarnpkg.com/loglevel/-/loglevel-1.6.6.tgz#0ee6300cc058db6b3551fa1c4bf73b83bb771312"
  integrity sha512-Sgr5lbboAUBo3eXCSPL4/KoVz3ROKquOjcctxmHIt+vol2DrqTQe3SwkKKuYhEiWB5kYa13YyopJ69deJ1irzQ==

strip-ansi@^6.0.0:
  version "6.0.0"
  resolved "https://registry.yarnpkg.com/strip-ansi/-/strip-ansi-6.0.0.tgz#0b1571dd7669ccd4f3e06e14ef1eed26225ae532"
  integrity sha512-AuvKTrTfQNYNIctbR1K/YGTR1756GycPsg7b9bdV9Duqur4gv6aKqHXah67Z8ImS7WEz5QVcOtlfW2rZEugt6w==
  dependencies:
    ansi-regex "^5.0.0"

supports-color@^7.1.0:
  version "7.1.0"
  resolved "https://registry.yarnpkg.com/supports-color/-/supports-color-7.1.0.tgz#68e32591df73e25ad1c4b49108a2ec507962bfd1"
  integrity sha512-oRSIpR8pxT1Wr2FquTNnGet79b3BWljqOuoW/h4oBhxJ/HUbX5nX6JSruTkvXDCFMwDPvsaTTbvMLKZWSy0R5g==
  dependencies:
    has-flag "^4.0.0"
